// !$*UTF8*$!
{
	archiveVersion = 1;
	classes = {
	};
	objectVersion = 55;
	objects = {

/* Begin PBXBuildFile section */
		DED7B4FD27A549DA00AECF7F /* AppDelegate.swift in Sources */ = {isa = PBXBuildFile; fileRef = DED7B4FC27A549DA00AECF7F /* AppDelegate.swift */; };
		DED7B4FF27A549DA00AECF7F /* SceneDelegate.swift in Sources */ = {isa = PBXBuildFile; fileRef = DED7B4FE27A549DA00AECF7F /* SceneDelegate.swift */; };
		DED7B50127A549DA00AECF7F /* ViewController.swift in Sources */ = {isa = PBXBuildFile; fileRef = DED7B50027A549DA00AECF7F /* ViewController.swift */; };
		DED7B50427A549DA00AECF7F /* Main.storyboard in Resources */ = {isa = PBXBuildFile; fileRef = DED7B50227A549DA00AECF7F /* Main.storyboard */; };
		DED7B50627A549DB00AECF7F /* Assets.xcassets in Resources */ = {isa = PBXBuildFile; fileRef = DED7B50527A549DB00AECF7F /* Assets.xcassets */; };
		DED7B50927A549DB00AECF7F /* LaunchScreen.storyboard in Resources */ = {isa = PBXBuildFile; fileRef = DED7B50727A549DB00AECF7F /* LaunchScreen.storyboard */; };
		DED7B51227A54A0F00AECF7F /* CoreData.xcdatamodeld in Sources */ = {isa = PBXBuildFile; fileRef = DED7B51027A54A0F00AECF7F /* CoreData.xcdatamodeld */; };
		DED7B51527A54A7200AECF7F /* Entity+CoreDataClass.swift in Sources */ = {isa = PBXBuildFile; fileRef = DED7B51327A54A7200AECF7F /* Entity+CoreDataClass.swift */; };
		DED7B51627A54A7200AECF7F /* Entity+CoreDataProperties.swift in Sources */ = {isa = PBXBuildFile; fileRef = DED7B51427A54A7200AECF7F /* Entity+CoreDataProperties.swift */; };
		DED7B51827A54D7F00AECF7F /* Model.swift in Sources */ = {isa = PBXBuildFile; fileRef = DED7B51727A54D7F00AECF7F /* Model.swift */; };
		DED7B51A27A54E7000AECF7F /* StoreViewController.swift in Sources */ = {isa = PBXBuildFile; fileRef = DED7B51927A54E7000AECF7F /* StoreViewController.swift */; };
		DED7B51C27A5515200AECF7F /* CoreDataManager.swift in Sources */ = {isa = PBXBuildFile; fileRef = DED7B51B27A5515200AECF7F /* CoreDataManager.swift */; };
/* End PBXBuildFile section */

/* Begin PBXFileReference section */
		DED7B4F927A549DA00AECF7F /* WeekPracticeCoreData.app */ = {isa = PBXFileReference; explicitFileType = wrapper.application; includeInIndex = 0; path = WeekPracticeCoreData.app; sourceTree = BUILT_PRODUCTS_DIR; };
		DED7B4FC27A549DA00AECF7F /* AppDelegate.swift */ = {isa = PBXFileReference; lastKnownFileType = sourcecode.swift; path = AppDelegate.swift; sourceTree = "<group>"; };
		DED7B4FE27A549DA00AECF7F /* SceneDelegate.swift */ = {isa = PBXFileReference; lastKnownFileType = sourcecode.swift; path = SceneDelegate.swift; sourceTree = "<group>"; };
		DED7B50027A549DA00AECF7F /* ViewController.swift */ = {isa = PBXFileReference; lastKnownFileType = sourcecode.swift; path = ViewController.swift; sourceTree = "<group>"; };
		DED7B50327A549DA00AECF7F /* Base */ = {isa = PBXFileReference; lastKnownFileType = file.storyboard; name = Base; path = Base.lproj/Main.storyboard; sourceTree = "<group>"; };
		DED7B50527A549DB00AECF7F /* Assets.xcassets */ = {isa = PBXFileReference; lastKnownFileType = folder.assetcatalog; path = Assets.xcassets; sourceTree = "<group>"; };
		DED7B50827A549DB00AECF7F /* Base */ = {isa = PBXFileReference; lastKnownFileType = file.storyboard; name = Base; path = Base.lproj/LaunchScreen.storyboard; sourceTree = "<group>"; };
		DED7B50A27A549DB00AECF7F /* Info.plist */ = {isa = PBXFileReference; lastKnownFileType = text.plist.xml; path = Info.plist; sourceTree = "<group>"; };
		DED7B51127A54A0F00AECF7F /* CoreData.xcdatamodel */ = {isa = PBXFileReference; lastKnownFileType = wrapper.xcdatamodel; path = CoreData.xcdatamodel; sourceTree = "<group>"; };
		DED7B51327A54A7200AECF7F /* Entity+CoreDataClass.swift */ = {isa = PBXFileReference; lastKnownFileType = sourcecode.swift; path = "Entity+CoreDataClass.swift"; sourceTree = "<group>"; };
		DED7B51427A54A7200AECF7F /* Entity+CoreDataProperties.swift */ = {isa = PBXFileReference; lastKnownFileType = sourcecode.swift; path = "Entity+CoreDataProperties.swift"; sourceTree = "<group>"; };
		DED7B51727A54D7F00AECF7F /* Model.swift */ = {isa = PBXFileReference; lastKnownFileType = sourcecode.swift; path = Model.swift; sourceTree = "<group>"; };
		DED7B51927A54E7000AECF7F /* StoreViewController.swift */ = {isa = PBXFileReference; lastKnownFileType = sourcecode.swift; path = StoreViewController.swift; sourceTree = "<group>"; };
		DED7B51B27A5515200AECF7F /* CoreDataManager.swift */ = {isa = PBXFileReference; lastKnownFileType = sourcecode.swift; path = CoreDataManager.swift; sourceTree = "<group>"; };
/* End PBXFileReference section */

/* Begin PBXFrameworksBuildPhase section */
		DED7B4F627A549DA00AECF7F /* Frameworks */ = {
			isa = PBXFrameworksBuildPhase;
			buildActionMask = 2147483647;
			files = (
			);
			runOnlyForDeploymentPostprocessing = 0;
		};
/* End PBXFrameworksBuildPhase section */

/* Begin PBXGroup section */
		DED7B4F027A549DA00AECF7F = {
			isa = PBXGroup;
			children = (
				DED7B51327A54A7200AECF7F /* Entity+CoreDataClass.swift */,
				DED7B51427A54A7200AECF7F /* Entity+CoreDataProperties.swift */,
				DED7B4FB27A549DA00AECF7F /* WeekPracticeCoreData */,
				DED7B4FA27A549DA00AECF7F /* Products */,
			);
			sourceTree = "<group>";
		};
		DED7B4FA27A549DA00AECF7F /* Products */ = {
			isa = PBXGroup;
			children = (
				DED7B4F927A549DA00AECF7F /* WeekPracticeCoreData.app */,
			);
			name = Products;
			sourceTree = "<group>";
		};
		DED7B4FB27A549DA00AECF7F /* WeekPracticeCoreData */ = {
			isa = PBXGroup;
			children = (
				DED7B4FC27A549DA00AECF7F /* AppDelegate.swift */,
				DED7B4FE27A549DA00AECF7F /* SceneDelegate.swift */,
				DED7B50027A549DA00AECF7F /* ViewController.swift */,
				DED7B51927A54E7000AECF7F /* StoreViewController.swift */,
				DED7B51B27A5515200AECF7F /* CoreDataManager.swift */,
				DED7B51727A54D7F00AECF7F /* Model.swift */,
				DED7B50227A549DA00AECF7F /* Main.storyboard */,
				DED7B50527A549DB00AECF7F /* Assets.xcassets */,
				DED7B50727A549DB00AECF7F /* LaunchScreen.storyboard */,
				DED7B50A27A549DB00AECF7F /* Info.plist */,
				DED7B51027A54A0F00AECF7F /* CoreData.xcdatamodeld */,
			);
			path = WeekPracticeCoreData;
			sourceTree = "<group>";
		};
/* End PBXGroup section */

/* Begin PBXNativeTarget section */
		DED7B4F827A549DA00AECF7F /* WeekPracticeCoreData */ = {
			isa = PBXNativeTarget;
			buildConfigurationList = DED7B50D27A549DB00AECF7F /* Build configuration list for PBXNativeTarget "WeekPracticeCoreData" */;
			buildPhases = (
				DED7B4F527A549DA00AECF7F /* Sources */,
				DED7B4F627A549DA00AECF7F /* Frameworks */,
				DED7B4F727A549DA00AECF7F /* Resources */,
			);
			buildRules = (
			);
			dependencies = (
			);
			name = WeekPracticeCoreData;
			productName = WeekPracticeCoreData;
			productReference = DED7B4F927A549DA00AECF7F /* WeekPracticeCoreData.app */;
			productType = "com.apple.product-type.application";
		};
/* End PBXNativeTarget section */

/* Begin PBXProject section */
		DED7B4F127A549DA00AECF7F /* Project object */ = {
			isa = PBXProject;
			attributes = {
				BuildIndependentTargetsInParallel = 1;
				LastSwiftUpdateCheck = 1300;
				LastUpgradeCheck = 1300;
				TargetAttributes = {
					DED7B4F827A549DA00AECF7F = {
						CreatedOnToolsVersion = 13.0;
					};
				};
			};
			buildConfigurationList = DED7B4F427A549DA00AECF7F /* Build configuration list for PBXProject "WeekPracticeCoreData" */;
			compatibilityVersion = "Xcode 13.0";
			developmentRegion = en;
			hasScannedForEncodings = 0;
			knownRegions = (
				en,
				Base,
			);
			mainGroup = DED7B4F027A549DA00AECF7F;
			productRefGroup = DED7B4FA27A549DA00AECF7F /* Products */;
			projectDirPath = "";
			projectRoot = "";
			targets = (
				DED7B4F827A549DA00AECF7F /* WeekPracticeCoreData */,
			);
		};
/* End PBXProject section */

/* Begin PBXResourcesBuildPhase section */
		DED7B4F727A549DA00AECF7F /* Resources */ = {
			isa = PBXResourcesBuildPhase;
			buildActionMask = 2147483647;
			files = (
				DED7B50927A549DB00AECF7F /* LaunchScreen.storyboard in Resources */,
				DED7B50627A549DB00AECF7F /* Assets.xcassets in Resources */,
				DED7B50427A549DA00AECF7F /* Main.storyboard in Resources */,
			);
			runOnlyForDeploymentPostprocessing = 0;
		};
/* End PBXResourcesBuildPhase section */

/* Begin PBXSourcesBuildPhase section */
		DED7B4F527A549DA00AECF7F /* Sources */ = {
			isa = PBXSourcesBuildPhase;
			buildActionMask = 2147483647;
			files = (
				DED7B51A27A54E7000AECF7F /* StoreViewController.swift in Sources */,
				DED7B51827A54D7F00AECF7F /* Model.swift in Sources */,
				DED7B51627A54A7200AECF7F /* Entity+CoreDataProperties.swift in Sources */,
				DED7B51227A54A0F00AECF7F /* CoreData.xcdatamodeld in Sources */,
				DED7B50127A549DA00AECF7F /* ViewController.swift in Sources */,
				DED7B4FD27A549DA00AECF7F /* AppDelegate.swift in Sources */,
				DED7B51C27A5515200AECF7F /* CoreDataManager.swift in Sources */,
				DED7B51527A54A7200AECF7F /* Entity+CoreDataClass.swift in Sources */,
				DED7B4FF27A549DA00AECF7F /* SceneDelegate.swift in Sources */,
			);
			runOnlyForDeploymentPostprocessing = 0;
		};
/* End PBXSourcesBuildPhase section */

/* Begin PBXVariantGroup section */
		DED7B50227A549DA00AECF7F /* Main.storyboard */ = {
			isa = PBXVariantGroup;
			children = (
				DED7B50327A549DA00AECF7F /* Base */,
			);
			name = Main.storyboard;
			sourceTree = "<group>";
		};
		DED7B50727A549DB00AECF7F /* LaunchScreen.storyboard */ = {
			isa = PBXVariantGroup;
			children = (
				DED7B50827A549DB00AECF7F /* Base */,
			);
			name = LaunchScreen.storyboard;
			sourceTree = "<group>";
		};
/* End PBXVariantGroup section */

/* Begin XCBuildConfiguration section */
		DED7B50B27A549DB00AECF7F /* Debug */ = {
			isa = XCBuildConfiguration;
			buildSettings = {
				ALWAYS_SEARCH_USER_PATHS = NO;
				CLANG_ANALYZER_NONNULL = YES;
				CLANG_ANALYZER_NUMBER_OBJECT_CONVERSION = YES_AGGRESSIVE;
				CLANG_CXX_LANGUAGE_STANDARD = "gnu++17";
				CLANG_CXX_LIBRARY = "libc++";
				CLANG_ENABLE_MODULES = YES;
				CLANG_ENABLE_OBJC_ARC = YES;
				CLANG_ENABLE_OBJC_WEAK = YES;
				CLANG_WARN_BLOCK_CAPTURE_AUTORELEASING = YES;
				CLANG_WARN_BOOL_CONVERSION = YES;
				CLANG_WARN_COMMA = YES;
				CLANG_WARN_CONSTANT_CONVERSION = YES;
				CLANG_WARN_DEPRECATED_OBJC_IMPLEMENTATIONS = YES;
				CLANG_WARN_DIRECT_OBJC_ISA_USAGE = YES_ERROR;
				CLANG_WARN_DOCUMENTATION_COMMENTS = YES;
				CLANG_WARN_EMPTY_BODY = YES;
				CLANG_WARN_ENUM_CONVERSION = YES;
				CLANG_WARN_INFINITE_RECURSION = YES;
				CLANG_WARN_INT_CONVERSION = YES;
				CLANG_WARN_NON_LITERAL_NULL_CONVERSION = YES;
				CLANG_WARN_OBJC_IMPLICIT_RETAIN_SELF = YES;
				CLANG_WARN_OBJC_LITERAL_CONVERSION = YES;
				CLANG_WARN_OBJC_ROOT_CLASS = YES_ERROR;
				CLANG_WARN_QUOTED_INCLUDE_IN_FRAMEWORK_HEADER = YES;
				CLANG_WARN_RANGE_LOOP_ANALYSIS = YES;
				CLANG_WARN_STRICT_PROTOTYPES = YES;
				CLANG_WARN_SUSPICIOUS_MOVE = YES;
				CLANG_WARN_UNGUARDED_AVAILABILITY = YES_AGGRESSIVE;
				CLANG_WARN_UNREACHABLE_CODE = YES;
				CLANG_WARN__DUPLICATE_METHOD_MATCH = YES;
				COPY_PHASE_STRIP = NO;
				DEBUG_INFORMATION_FORMAT = dwarf;
				ENABLE_STRICT_OBJC_MSGSEND = YES;
				ENABLE_TESTABILITY = YES;
				GCC_C_LANGUAGE_STANDARD = gnu11;
				GCC_DYNAMIC_NO_PIC = NO;
				GCC_NO_COMMON_BLOCKS = YES;
				GCC_OPTIMIZATION_LEVEL = 0;
				GCC_PREPROCESSOR_DEFINITIONS = (
					"DEBUG=1",
					"$(inherited)",
				);
				GCC_WARN_64_TO_32_BIT_CONVERSION = YES;
				GCC_WARN_ABOUT_RETURN_TYPE = YES_ERROR;
				GCC_WARN_UNDECLARED_SELECTOR = YES;
				GCC_WARN_UNINITIALIZED_AUTOS = YES_AGGRESSIVE;
				GCC_WARN_UNUSED_FUNCTION = YES;
				GCC_WARN_UNUSED_VARIABLE = YES;
				IPHONEOS_DEPLOYMENT_TARGET = 15.0;
				MTL_ENABLE_DEBUG_INFO = INCLUDE_SOURCE;
				MTL_FAST_MATH = YES;
				ONLY_ACTIVE_ARCH = YES;
				SDKROOT = iphoneos;
				SWIFT_ACTIVE_COMPILATION_CONDITIONS = DEBUG;
				SWIFT_OPTIMIZATION_LEVEL = "-Onone";
			};
			name = Debug;
		};
		DED7B50C27A549DB00AECF7F /* Release */ = {
			isa = XCBuildConfiguration;
			buildSettings = {
				ALWAYS_SEARCH_USER_PATHS = NO;
				CLANG_ANALYZER_NONNULL = YES;
				CLANG_ANALYZER_NUMBER_OBJECT_CONVERSION = YES_AGGRESSIVE;
				CLANG_CXX_LANGUAGE_STANDARD = "gnu++17";
				CLANG_CXX_LIBRARY = "libc++";
				CLANG_ENABLE_MODULES = YES;
				CLANG_ENABLE_OBJC_ARC = YES;
				CLANG_ENABLE_OBJC_WEAK = YES;
				CLANG_WARN_BLOCK_CAPTURE_AUTORELEASING = YES;
				CLANG_WARN_BOOL_CONVERSION = YES;
				CLANG_WARN_COMMA = YES;
				CLANG_WARN_CONSTANT_CONVERSION = YES;
				CLANG_WARN_DEPRECATED_OBJC_IMPLEMENTATIONS = YES;
				CLANG_WARN_DIRECT_OBJC_ISA_USAGE = YES_ERROR;
				CLANG_WARN_DOCUMENTATION_COMMENTS = YES;
				CLANG_WARN_EMPTY_BODY = YES;
				CLANG_WARN_ENUM_CONVERSION = YES;
				CLANG_WARN_INFINITE_RECURSION = YES;
				CLANG_WARN_INT_CONVERSION = YES;
				CLANG_WARN_NON_LITERAL_NULL_CONVERSION = YES;
				CLANG_WARN_OBJC_IMPLICIT_RETAIN_SELF = YES;
				CLANG_WARN_OBJC_LITERAL_CONVERSION = YES;
				CLANG_WARN_OBJC_ROOT_CLASS = YES_ERROR;
				CLANG_WARN_QUOTED_INCLUDE_IN_FRAMEWORK_HEADER = YES;
				CLANG_WARN_RANGE_LOOP_ANALYSIS = YES;
				CLANG_WARN_STRICT_PROTOTYPES = YES;
				CLANG_WARN_SUSPICIOUS_MOVE = YES;
				CLANG_WARN_UNGUARDED_AVAILABILITY = YES_AGGRESSIVE;
				CLANG_WARN_UNREACHABLE_CODE = YES;
				CLANG_WARN__DUPLICATE_METHOD_MATCH = YES;
				COPY_PHASE_STRIP = NO;
				DEBUG_INFORMATION_FORMAT = "dwarf-with-dsym";
				ENABLE_NS_ASSERTIONS = NO;
				ENABLE_STRICT_OBJC_MSGSEND = YES;
				GCC_C_LANGUAGE_STANDARD = gnu11;
				GCC_NO_COMMON_BLOCKS = YES;
				GCC_WARN_64_TO_32_BIT_CONVERSION = YES;
				GCC_WARN_ABOUT_RETURN_TYPE = YES_ERROR;
				GCC_WARN_UNDECLARED_SELECTOR = YES;
				GCC_WARN_UNINITIALIZED_AUTOS = YES_AGGRESSIVE;
				GCC_WARN_UNUSED_FUNCTION = YES;
				GCC_WARN_UNUSED_VARIABLE = YES;
				IPHONEOS_DEPLOYMENT_TARGET = 15.0;
				MTL_ENABLE_DEBUG_INFO = NO;
				MTL_FAST_MATH = YES;
				SDKROOT = iphoneos;
				SWIFT_COMPILATION_MODE = wholemodule;
				SWIFT_OPTIMIZATION_LEVEL = "-O";
				VALIDATE_PRODUCT = YES;
			};
			name = Release;
		};
		DED7B50E27A549DB00AECF7F /* Debug */ = {
			isa = XCBuildConfiguration;
			buildSettings = {
				ASSETCATALOG_COMPILER_APPICON_NAME = AppIcon;
				ASSETCATALOG_COMPILER_GLOBAL_ACCENT_COLOR_NAME = AccentColor;
				CODE_SIGN_STYLE = Automatic;
				CURRENT_PROJECT_VERSION = 1;
				GENERATE_INFOPLIST_FILE = YES;
				INFOPLIST_FILE = WeekPracticeCoreData/Info.plist;
				INFOPLIST_KEY_UIApplicationSupportsIndirectInputEvents = YES;
				INFOPLIST_KEY_UILaunchStoryboardName = LaunchScreen;
				INFOPLIST_KEY_UIMainStoryboardFile = Main;
				INFOPLIST_KEY_UISupportedInterfaceOrientations_iPad = "UIInterfaceOrientationPortrait UIInterfaceOrientationPortraitUpsideDown UIInterfaceOrientationLandscapeLeft UIInterfaceOrientationLandscapeRight";
				INFOPLIST_KEY_UISupportedInterfaceOrientations_iPhone = "UIInterfaceOrientationPortrait UIInterfaceOrientationLandscapeLeft UIInterfaceOrientationLandscapeRight";
				LD_RUNPATH_SEARCH_PATHS = (
					"$(inherited)",
					"@executable_path/Frameworks",
				);
				MARKETING_VERSION = 1.0;
				PRODUCT_BUNDLE_IDENTIFIER = net.yagom.WeekPracticeCoreData;
				PRODUCT_NAME = "$(TARGET_NAME)";
				SWIFT_EMIT_LOC_STRINGS = YES;
				SWIFT_VERSION = 5.0;
				TARGETED_DEVICE_FAMILY = "1,2";
			};
			name = Debug;
		};
		DED7B50F27A549DB00AECF7F /* Release */ = {
			isa = XCBuildConfiguration;
			buildSettings = {
				ASSETCATALOG_COMPILER_APPICON_NAME = AppIcon;
				ASSETCATALOG_COMPILER_GLOBAL_ACCENT_COLOR_NAME = AccentColor;
				CODE_SIGN_STYLE = Automatic;
				CURRENT_PROJECT_VERSION = 1;
				GENERATE_INFOPLIST_FILE = YES;
				INFOPLIST_FILE = WeekPracticeCoreData/Info.plist;
				INFOPLIST_KEY_UIApplicationSupportsIndirectInputEvents = YES;
				INFOPLIST_KEY_UILaunchStoryboardName = LaunchScreen;
				INFOPLIST_KEY_UIMainStoryboardFile = Main;
				INFOPLIST_KEY_UISupportedInterfaceOrientations_iPad = "UIInterfaceOrientationPortrait UIInterfaceOrientationPortraitUpsideDown UIInterfaceOrientationLandscapeLeft UIInterfaceOrientationLandscapeRight";
				INFOPLIST_KEY_UISupportedInterfaceOrientations_iPhone = "UIInterfaceOrientationPortrait UIInterfaceOrientationLandscapeLeft UIInterfaceOrientationLandscapeRight";
				LD_RUNPATH_SEARCH_PATHS = (
					"$(inherited)",
					"@executable_path/Frameworks",
				);
				MARKETING_VERSION = 1.0;
				PRODUCT_BUNDLE_IDENTIFIER = net.yagom.WeekPracticeCoreData;
				PRODUCT_NAME = "$(TARGET_NAME)";
				SWIFT_EMIT_LOC_STRINGS = YES;
				SWIFT_VERSION = 5.0;
				TARGETED_DEVICE_FAMILY = "1,2";
			};
			name = Release;
		};
/* End XCBuildConfiguration section */

/* Begin XCConfigurationList section */
		DED7B4F427A549DA00AECF7F /* Build configuration list for PBXProject "WeekPracticeCoreData" */ = {
			isa = XCConfigurationList;
			buildConfigurations = (
				DED7B50B27A549DB00AECF7F /* Debug */,
				DED7B50C27A549DB00AECF7F /* Release */,
			);
			defaultConfigurationIsVisible = 0;
			defaultConfigurationName = Release;
		};
		DED7B50D27A549DB00AECF7F /* Build configuration list for PBXNativeTarget "WeekPracticeCoreData" */ = {
			isa = XCConfigurationList;
			buildConfigurations = (
				DED7B50E27A549DB00AECF7F /* Debug */,
				DED7B50F27A549DB00AECF7F /* Release */,
			);
			defaultConfigurationIsVisible = 0;
			defaultConfigurationName = Release;
		};
/* End XCConfigurationList section */

/* Begin XCVersionGroup section */
		DED7B51027A54A0F00AECF7F /* CoreData.xcdatamodeld */ = {
			isa = XCVersionGroup;
			children = (
				DED7B51127A54A0F00AECF7F /* CoreData.xcdatamodel */,
			);
			currentVersion = DED7B51127A54A0F00AECF7F /* CoreData.xcdatamodel */;
			path = CoreData.xcdatamodeld;
			sourceTree = "<group>";
			versionGroupType = wrapper.xcdatamodel;
		};
/* End XCVersionGroup section */
	};
	rootObject = DED7B4F127A549DA00AECF7F /* Project object */;
}
